
Microsoft Visual Studio Solution File, Format Version 12.00
# Visual Studio Version 16
VisualStudioVersion = 16.0.34114.132
MinimumVisualStudioVersion = 10.0.40219.1
Project("{FAE04EC0-301F-11D3-BF4B-00C04F79EFBC}") = "Data Transfer TCP IP", "Data Transfer TCP IP\Data Transfer TCP IP.csproj", "{F4346B37-8114-4293-98D8-8C7CCA8B3C16}"
EndProject
Global
	GlobalSection(SolutionConfigurationPlatforms) = preSolution
		Debug|Any CPU = Debug|Any CPU
		Release|Any CPU = Release|Any CPU
	EndGlobalSection
	GlobalSection(ProjectConfigurationPlatforms) = postSolution
		{F4346B37-8114-4293-98D8-8C7CCA8B3C16}.Debug|Any CPU.ActiveCfg = Debug|Any CPU
		{F4346B37-8114-4293-98D8-8C7CCA8B3C16}.Debug|Any CPU.Build.0 = Debug|Any CPU
		{F4346B37-8114-4293-98D8-8C7CCA8B3C16}.Release|Any CPU.ActiveCfg = Release|Any CPU
		{F4346B37-8114-4293-98D8-8C7CCA8B3C16}.Release|Any CPU.Build.0 = Release|Any CPU
	EndGlobalSection
	GlobalSection(SolutionProperties) = preSolution
		HideSolutionNode = FALSE
	EndGlobalSection
	GlobalSection(ExtensibilityGlobals) = postSolution
		SolutionGuid = {0C076E38-C795-4359-A931-6B58E180DAFF}
	EndGlobalSection
EndGlobal
